<Solution>
  <Folder Name="/src/">
    <Project Path="src/ProductReviews.Api/ProductReviews.Api.csproj" />
    <Project Path="src/ProductReviews.AppHost/ProductReviews.AppHost.csproj" />
  </Folder>
  <Folder Name="/tests/">
    <Project Path="tests/ProductReviews.Api.IntegrationTests/ProductReviews.Api.IntegrationTests.csproj" />
    <Project Path="tests/ProductReviews.Api.UnitTests/ProductReviews.Api.UnitTests.csproj" />
  </Folder>
</Solution>
